
Microsoft Visual Studio Solution File, Format Version 12.00
# Visual Studio Version 16
VisualStudioVersion = 16.0.30621.155
MinimumVisualStudioVersion = 10.0.40219.1
Project("{FAE04EC0-301F-11D3-BF4B-00C04F79EFBC}") = "AdventDay2_1", "AdventDay2_1\AdventDay2_1.csproj", "{CED63F00-C8D2-4880-9130-5DBA2CF93EB8}"
EndProject
Global
	GlobalSection(SolutionConfigurationPlatforms) = preSolution
		Debug|Any CPU = Debug|Any CPU
		Release|Any CPU = Release|Any CPU
	EndGlobalSection
	GlobalSection(ProjectConfigurationPlatforms) = postSolution
		{CED63F00-C8D2-4880-9130-5DBA2CF93EB8}.Debug|Any CPU.ActiveCfg = Debug|Any CPU
		{CED63F00-C8D2-4880-9130-5DBA2CF93EB8}.Debug|Any CPU.Build.0 = Debug|Any CPU
		{CED63F00-C8D2-4880-9130-5DBA2CF93EB8}.Release|Any CPU.ActiveCfg = Release|Any CPU
		{CED63F00-C8D2-4880-9130-5DBA2CF93EB8}.Release|Any CPU.Build.0 = Release|Any CPU
	EndGlobalSection
	GlobalSection(SolutionProperties) = preSolution
		HideSolutionNode = FALSE
	EndGlobalSection
	GlobalSection(ExtensibilityGlobals) = postSolution
		SolutionGuid = {33B0FA11-006F-4A0B-82D8-CB024AE1F6AD}
	EndGlobalSection
EndGlobal
